
Microsoft Visual Studio Solution File, Format Version 12.00
# Visual Studio Version 16
VisualStudioVersion = 16.0.31321.278
MinimumVisualStudioVersion = 10.0.40219.1
Project("{2150E333-8FDC-42A3-9474-1A3956D46DE8}") = "src", "src", "{D3B12560-F636-42BB-98BB-957F6399C47C}"
EndProject
Project("{2150E333-8FDC-42A3-9474-1A3956D46DE8}") = "BuildingBlocks", "BuildingBlocks", "{A3E97ECB-566B-4D2C-A070-E89992B4585E}"
EndProject
Project("{2150E333-8FDC-42A3-9474-1A3956D46DE8}") = "Services", "Services", "{8A0DCD1C-5D6A-451F-8F1F-24A9D2DC7CFE}"
EndProject
Project("{2150E333-8FDC-42A3-9474-1A3956D46DE8}") = "Core", "Core", "{1E622ACC-81CD-4CA9-9BE8-68BE63E5D6C2}"
EndProject
Project("{2150E333-8FDC-42A3-9474-1A3956D46DE8}") = "Credito", "Credito", "{F7A66A90-9698-4B89-9C01-EF60A544F1B7}"
EndProject
Project("{2150E333-8FDC-42A3-9474-1A3956D46DE8}") = "1 - Api", "1 - Api", "{09852077-118D-4091-BFA6-96EAFE04ECDE}"
EndProject
Project("{2150E333-8FDC-42A3-9474-1A3956D46DE8}") = "2 - Application", "2 - Application", "{733E7A12-C3AF-4AFB-BE68-93DEA26C619D}"
EndProject
Project("{2150E333-8FDC-42A3-9474-1A3956D46DE8}") = "3 - Domain", "3 - Domain", "{C505666C-92A2-45F5-BF23-636B3255B9A2}"
EndProject
Project("{2150E333-8FDC-42A3-9474-1A3956D46DE8}") = "4 - Infra", "4 - Infra", "{C62F7878-7F02-4E7E-A7BB-8FCA6C0BB453}"
EndProject
Project("{2150E333-8FDC-42A3-9474-1A3956D46DE8}") = "Services", "Services", "{AC3B885C-91ED-47B9-A8F0-B731E0DDFA7B}"
EndProject
Project("{9A19103F-16F7-4668-BE54-9A1E7A4F7556}") = "SB.Credito.API", "src\services\Credito\SB.Credito.API\SB.Credito.API.csproj", "{DBD2AE17-29AC-48C1-A845-529837A375F3}"
EndProject
Project("{9A19103F-16F7-4668-BE54-9A1E7A4F7556}") = "SB.Credito.Application", "src\services\Credito\SB.Credito.Application\SB.Credito.Application.csproj", "{47B44BEA-717A-4473-865D-126357D6520C}"
EndProject
Project("{9A19103F-16F7-4668-BE54-9A1E7A4F7556}") = "SB.Domain.Core", "src\services\Credito\SB.Domain.Core\SB.Domain.Core.csproj", "{A25352D9-2537-44C4-B31B-C2779A43D52D}"
EndProject
Project("{9A19103F-16F7-4668-BE54-9A1E7A4F7556}") = "SB.Credito.Domain", "src\services\Credito\SB.Credito.Domain\SB.Credito.Domain.csproj", "{787FE0A3-D918-445D-B12C-D8C2DB3C8539}"
EndProject
Project("{9A19103F-16F7-4668-BE54-9A1E7A4F7556}") = "SB.Credito.Infra", "src\services\Credito\SB.Credito.Infra\SB.Credito.Infra.csproj", "{7E4C6AFD-E362-48F2-92B0-1C61409AE71D}"
EndProject
Project("{9A19103F-16F7-4668-BE54-9A1E7A4F7556}") = "SB.Core", "src\buildingblocks\SB.Core\SB.Core.csproj", "{75E758AF-F032-4462-8CE8-005ED2BA168E}"
EndProject
Project("{9A19103F-16F7-4668-BE54-9A1E7A4F7556}") = "SB.WebAPI.Core", "src\buildingblocks\SB.WebAPI.Core\SB.WebAPI.Core.csproj", "{101A4E37-26C4-447F-8548-032B5E2279C2}"
EndProject
Global
	GlobalSection(SolutionConfigurationPlatforms) = preSolution
		Debug|Any CPU = Debug|Any CPU
		Release|Any CPU = Release|Any CPU
	EndGlobalSection
	GlobalSection(ProjectConfigurationPlatforms) = postSolution
		{DBD2AE17-29AC-48C1-A845-529837A375F3}.Debug|Any CPU.ActiveCfg = Debug|Any CPU
		{DBD2AE17-29AC-48C1-A845-529837A375F3}.Debug|Any CPU.Build.0 = Debug|Any CPU
		{DBD2AE17-29AC-48C1-A845-529837A375F3}.Release|Any CPU.ActiveCfg = Release|Any CPU
		{DBD2AE17-29AC-48C1-A845-529837A375F3}.Release|Any CPU.Build.0 = Release|Any CPU
		{47B44BEA-717A-4473-865D-126357D6520C}.Debug|Any CPU.ActiveCfg = Debug|Any CPU
		{47B44BEA-717A-4473-865D-126357D6520C}.Debug|Any CPU.Build.0 = Debug|Any CPU
		{47B44BEA-717A-4473-865D-126357D6520C}.Release|Any CPU.ActiveCfg = Release|Any CPU
		{47B44BEA-717A-4473-865D-126357D6520C}.Release|Any CPU.Build.0 = Release|Any CPU
		{A25352D9-2537-44C4-B31B-C2779A43D52D}.Debug|Any CPU.ActiveCfg = Debug|Any CPU
		{A25352D9-2537-44C4-B31B-C2779A43D52D}.Debug|Any CPU.Build.0 = Debug|Any CPU
		{A25352D9-2537-44C4-B31B-C2779A43D52D}.Release|Any CPU.ActiveCfg = Release|Any CPU
		{A25352D9-2537-44C4-B31B-C2779A43D52D}.Release|Any CPU.Build.0 = Release|Any CPU
		{787FE0A3-D918-445D-B12C-D8C2DB3C8539}.Debug|Any CPU.ActiveCfg = Debug|Any CPU
		{787FE0A3-D918-445D-B12C-D8C2DB3C8539}.Debug|Any CPU.Build.0 = Debug|Any CPU
		{787FE0A3-D918-445D-B12C-D8C2DB3C8539}.Release|Any CPU.ActiveCfg = Release|Any CPU
		{787FE0A3-D918-445D-B12C-D8C2DB3C8539}.Release|Any CPU.Build.0 = Release|Any CPU
		{7E4C6AFD-E362-48F2-92B0-1C61409AE71D}.Debug|Any CPU.ActiveCfg = Debug|Any CPU
		{7E4C6AFD-E362-48F2-92B0-1C61409AE71D}.Debug|Any CPU.Build.0 = Debug|Any CPU
		{7E4C6AFD-E362-48F2-92B0-1C61409AE71D}.Release|Any CPU.ActiveCfg = Release|Any CPU
		{7E4C6AFD-E362-48F2-92B0-1C61409AE71D}.Release|Any CPU.Build.0 = Release|Any CPU
		{75E758AF-F032-4462-8CE8-005ED2BA168E}.Debug|Any CPU.ActiveCfg = Debug|Any CPU
		{75E758AF-F032-4462-8CE8-005ED2BA168E}.Debug|Any CPU.Build.0 = Debug|Any CPU
		{75E758AF-F032-4462-8CE8-005ED2BA168E}.Release|Any CPU.ActiveCfg = Release|Any CPU
		{75E758AF-F032-4462-8CE8-005ED2BA168E}.Release|Any CPU.Build.0 = Release|Any CPU
		{101A4E37-26C4-447F-8548-032B5E2279C2}.Debug|Any CPU.ActiveCfg = Debug|Any CPU
		{101A4E37-26C4-447F-8548-032B5E2279C2}.Debug|Any CPU.Build.0 = Debug|Any CPU
		{101A4E37-26C4-447F-8548-032B5E2279C2}.Release|Any CPU.ActiveCfg = Release|Any CPU
		{101A4E37-26C4-447F-8548-032B5E2279C2}.Release|Any CPU.Build.0 = Release|Any CPU
	EndGlobalSection
	GlobalSection(SolutionProperties) = preSolution
		HideSolutionNode = FALSE
	EndGlobalSection
	GlobalSection(NestedProjects) = preSolution
		{A3E97ECB-566B-4D2C-A070-E89992B4585E} = {D3B12560-F636-42BB-98BB-957F6399C47C}
		{8A0DCD1C-5D6A-451F-8F1F-24A9D2DC7CFE} = {D3B12560-F636-42BB-98BB-957F6399C47C}
		{1E622ACC-81CD-4CA9-9BE8-68BE63E5D6C2} = {A3E97ECB-566B-4D2C-A070-E89992B4585E}
		{F7A66A90-9698-4B89-9C01-EF60A544F1B7} = {8A0DCD1C-5D6A-451F-8F1F-24A9D2DC7CFE}
		{09852077-118D-4091-BFA6-96EAFE04ECDE} = {F7A66A90-9698-4B89-9C01-EF60A544F1B7}
		{733E7A12-C3AF-4AFB-BE68-93DEA26C619D} = {F7A66A90-9698-4B89-9C01-EF60A544F1B7}
		{C505666C-92A2-45F5-BF23-636B3255B9A2} = {F7A66A90-9698-4B89-9C01-EF60A544F1B7}
		{C62F7878-7F02-4E7E-A7BB-8FCA6C0BB453} = {F7A66A90-9698-4B89-9C01-EF60A544F1B7}
		{AC3B885C-91ED-47B9-A8F0-B731E0DDFA7B} = {A3E97ECB-566B-4D2C-A070-E89992B4585E}
		{DBD2AE17-29AC-48C1-A845-529837A375F3} = {09852077-118D-4091-BFA6-96EAFE04ECDE}
		{47B44BEA-717A-4473-865D-126357D6520C} = {733E7A12-C3AF-4AFB-BE68-93DEA26C619D}
		{A25352D9-2537-44C4-B31B-C2779A43D52D} = {C505666C-92A2-45F5-BF23-636B3255B9A2}
		{787FE0A3-D918-445D-B12C-D8C2DB3C8539} = {C505666C-92A2-45F5-BF23-636B3255B9A2}
		{7E4C6AFD-E362-48F2-92B0-1C61409AE71D} = {C62F7878-7F02-4E7E-A7BB-8FCA6C0BB453}
		{75E758AF-F032-4462-8CE8-005ED2BA168E} = {1E622ACC-81CD-4CA9-9BE8-68BE63E5D6C2}
		{101A4E37-26C4-447F-8548-032B5E2279C2} = {AC3B885C-91ED-47B9-A8F0-B731E0DDFA7B}
	EndGlobalSection
	GlobalSection(ExtensibilityGlobals) = postSolution
		SolutionGuid = {AB145BD7-5C35-45D2-A0A5-B715C177FE27}
	EndGlobalSection
EndGlobal
